# THIS IS AN AUTOGENERATED FILE. DO NOT EDIT THIS FILE DIRECTLY.
# yarn lockfile v1


cuint@latest:
  version "0.2.2"
  resolved "https://registry.yarnpkg.com/cuint/-/cuint-0.2.2.tgz#408086d409550c2631155619e9fa7bcadc3b991b"

xxhashjs@^0.2.1:
  version "0.2.1"
  resolved "https://registry.yarnpkg.com/xxhashjs/-/xxhashjs-0.2.1.tgz#9bbe9be896142976dfa34c061b2d068c43d30de0"
  dependencies:
    cuint latest
